<?xml version="1.0" encoding="utf-8"?>
<Project ToolsVersion="4.0" xmlns="http://schemas.microsoft.com/developer/msbuild/2003">
  <ItemGroup>
    <ClCompile Include="XPaly.cpp" />
    <ClCompile Include="main.cpp" />
    <ClCompile Include="XDemux.cpp">
      <Filter>Source Files</Filter>
    </ClCompile>
    <ClCompile Include="XDecode.cpp">
      <Filter>Source Files</Filter>
    </ClCompile>
    <ClCompile Include="XVideoWidget.cpp">
      <Filter>Source Files</Filter>
    </ClCompile>
    <ClCompile Include="XResample.cpp">
      <Filter>Source Files</Filter>
    </ClCompile>
    <ClCompile Include="XAudioPlay.cpp">
      <Filter>Source Files</Filter>
    </ClCompile>
    <ClCompile Include="XAudioThread.cpp">
      <Filter>Source Files</Filter>
    </ClCompile>
    <ClCompile Include="XVideoThread.cpp">
      <Filter>Source Files</Filter>
    </ClCompile>
    <ClCompile Include="XDemuxThread.cpp">
      <Filter>Source Files</Filter>
    </ClCompile>
    <ClCompile Include="XDecodeThread.cpp">
      <Filter>Source Files</Filter>
    </ClCompile>
    <ClCompile Include="XSlider.cpp">
      <Filter>Source Files</Filter>
    </ClCompile>
  </ItemGroup>
  <ItemGroup>
    <QtMoc Include="XPaly.h" />
    <QtMoc Include="XVideoWidget.h">
      <Filter>Header Files</Filter>
    </QtMoc>
    <QtMoc Include="XSlider.h">
      <Filter>Header Files</Filter>
    </QtMoc>
  </ItemGroup>
  <ItemGroup>
    <QtRcc Include="XPaly.qrc" />
  </ItemGroup>
  <ItemGroup>
    <QtUic Include="XPaly.ui" />
  </ItemGroup>
  <ItemGroup>
    <Filter Include="Source Files">
      <UniqueIdentifier>{4FC737F1-C7A5-4376-A066-2A32D752A2FF}</UniqueIdentifier>
      <Extensions>cpp;c;cc;cxx;def;odl;idl;hpj;bat;asm;asmx</Extensions>
      <ParseFiles>true</ParseFiles>
    </Filter>
    <Filter Include="Header Files">
      <UniqueIdentifier>{93995380-89BD-4b04-88EB-625FBE52EBFB}</UniqueIdentifier>
      <Extensions>h;hh;hpp;hxx;hm;inl;inc;xsd</Extensions>
      <ParseFiles>true</ParseFiles>
    </Filter>
  </ItemGroup>
  <ItemGroup>
    <ClInclude Include="XDemux.h">
      <Filter>Header Files</Filter>
    </ClInclude>
    <ClInclude Include="XDecode.h">
      <Filter>Header Files</Filter>
    </ClInclude>
    <ClInclude Include="XResample.h">
      <Filter>Header Files</Filter>
    </ClInclude>
    <ClInclude Include="XAudioPlay.h">
      <Filter>Header Files</Filter>
    </ClInclude>
    <ClInclude Include="XAudioThread.h">
      <Filter>Header Files</Filter>
    </ClInclude>
    <ClInclude Include="XVideoThread.h">
      <Filter>Header Files</Filter>
    </ClInclude>
    <ClInclude Include="IVideoCall.h">
      <Filter>Header Files</Filter>
    </ClInclude>
    <ClInclude Include="XDemuxThread.h">
      <Filter>Header Files</Filter>
    </ClInclude>
    <ClInclude Include="XDecodeThread.h">
      <Filter>Header Files</Filter>
    </ClInclude>
  </ItemGroup>
</Project>